// !$*UTF8*$!
{
	archiveVersion = 1;
	classes = {
	};
	objectVersion = 46;
	objects = {

/* Begin PBXBuildFile section */
		2135ECB71E2E20B100B0A6F1 /* StoryboardExtension.swift in Sources */ = {isa = PBXBuildFile; fileRef = 2135ECB61E2E20B100B0A6F1 /* StoryboardExtension.swift */; };
		2135ECB91E2E2D7B00B0A6F1 /* ReusableTableCellsExtension.swift in Sources */ = {isa = PBXBuildFile; fileRef = 2135ECB81E2E2D7B00B0A6F1 /* ReusableTableCellsExtension.swift */; };
		2135ECC01E30C98600B0A6F1 /* Localizable.strings in Resources */ = {isa = PBXBuildFile; fileRef = 2135ECC21E30C98600B0A6F1 /* Localizable.strings */; };
		216068C11E23818700E01199 /* AppDelegate.swift in Sources */ = {isa = PBXBuildFile; fileRef = 216068C01E23818700E01199 /* AppDelegate.swift */; };
		216068C31E23818700E01199 /* ViewController.swift in Sources */ = {isa = PBXBuildFile; fileRef = 216068C21E23818700E01199 /* ViewController.swift */; };
		216068C61E23818700E01199 /* Main.storyboard in Resources */ = {isa = PBXBuildFile; fileRef = 216068C41E23818700E01199 /* Main.storyboard */; };
		216068C81E23818700E01199 /* Assets.xcassets in Resources */ = {isa = PBXBuildFile; fileRef = 216068C71E23818700E01199 /* Assets.xcassets */; };
		216068D41E2381E500E01199 /* GITHUBAPIController.swift in Sources */ = {isa = PBXBuildFile; fileRef = 216068D31E2381E500E01199 /* GITHUBAPIController.swift */; };
		216068D61E24B07000E01199 /* GITRepository.swift in Sources */ = {isa = PBXBuildFile; fileRef = 216068D51E24B07000E01199 /* GITRepository.swift */; };
		216068D81E25147E00E01199 /* RepositoriesViewController.swift in Sources */ = {isa = PBXBuildFile; fileRef = 216068D71E25147E00E01199 /* RepositoriesViewController.swift */; };
		216068DA1E25167800E01199 /* RepositoryTableViewCell.swift in Sources */ = {isa = PBXBuildFile; fileRef = 216068D91E25167800E01199 /* RepositoryTableViewCell.swift */; };
		488DDBC738534E1D96EED92E /* Pods_Task_8.framework in Frameworks */ = {isa = PBXBuildFile; fileRef = AD85062BCC67DF541B2AA72A /* Pods_Task_8.framework */; };
/* End PBXBuildFile section */

/* Begin PBXFileReference section */
		2135ECB61E2E20B100B0A6F1 /* StoryboardExtension.swift */ = {isa = PBXFileReference; fileEncoding = 4; lastKnownFileType = sourcecode.swift; path = StoryboardExtension.swift; sourceTree = "<group>"; };
		2135ECB81E2E2D7B00B0A6F1 /* ReusableTableCellsExtension.swift */ = {isa = PBXFileReference; fileEncoding = 4; lastKnownFileType = sourcecode.swift; path = ReusableTableCellsExtension.swift; sourceTree = "<group>"; };
		2135ECC11E30C98600B0A6F1 /* en */ = {isa = PBXFileReference; lastKnownFileType = text.plist.strings; name = en; path = en.lproj/Localizable.strings; sourceTree = "<group>"; };
		2135ECC61E30E5EF00B0A6F1 /* en */ = {isa = PBXFileReference; lastKnownFileType = text.plist.strings; name = en; path = en.lproj/Main.strings; sourceTree = "<group>"; };
		216068BD1E23818600E01199 /* Task_8.app */ = {isa = PBXFileReference; explicitFileType = wrapper.application; includeInIndex = 0; path = Task_8.app; sourceTree = BUILT_PRODUCTS_DIR; };
		216068C01E23818700E01199 /* AppDelegate.swift */ = {isa = PBXFileReference; lastKnownFileType = sourcecode.swift; path = AppDelegate.swift; sourceTree = "<group>"; };
		216068C21E23818700E01199 /* ViewController.swift */ = {isa = PBXFileReference; lastKnownFileType = sourcecode.swift; path = ViewController.swift; sourceTree = "<group>"; };
		216068C51E23818700E01199 /* Base */ = {isa = PBXFileReference; lastKnownFileType = file.storyboard; name = Base; path = Base.lproj/Main.storyboard; sourceTree = "<group>"; };
		216068C71E23818700E01199 /* Assets.xcassets */ = {isa = PBXFileReference; lastKnownFileType = folder.assetcatalog; path = Assets.xcassets; sourceTree = "<group>"; };
		216068CC1E23818700E01199 /* Info.plist */ = {isa = PBXFileReference; lastKnownFileType = text.plist.xml; path = Info.plist; sourceTree = "<group>"; };
		216068D31E2381E500E01199 /* GITHUBAPIController.swift */ = {isa = PBXFileReference; fileEncoding = 4; lastKnownFileType = sourcecode.swift; path = GITHUBAPIController.swift; sourceTree = "<group>"; };
		216068D51E24B07000E01199 /* GITRepository.swift */ = {isa = PBXFileReference; fileEncoding = 4; lastKnownFileType = sourcecode.swift; path = GITRepository.swift; sourceTree = "<group>"; };
		216068D71E25147E00E01199 /* RepositoriesViewController.swift */ = {isa = PBXFileReference; fileEncoding = 4; lastKnownFileType = sourcecode.swift; path = RepositoriesViewController.swift; sourceTree = "<group>"; };
		216068D91E25167800E01199 /* RepositoryTableViewCell.swift */ = {isa = PBXFileReference; fileEncoding = 4; lastKnownFileType = sourcecode.swift; path = RepositoryTableViewCell.swift; sourceTree = "<group>"; };
		931222A9DC7194ACED4AE5B2 /* Pods-Task_8.debug.xcconfig */ = {isa = PBXFileReference; includeInIndex = 1; lastKnownFileType = text.xcconfig; name = "Pods-Task_8.debug.xcconfig"; path = "Pods/Target Support Files/Pods-Task_8/Pods-Task_8.debug.xcconfig"; sourceTree = "<group>"; };
		AD85062BCC67DF541B2AA72A /* Pods_Task_8.framework */ = {isa = PBXFileReference; explicitFileType = wrapper.framework; includeInIndex = 0; path = Pods_Task_8.framework; sourceTree = BUILT_PRODUCTS_DIR; };
		CFBC6E1EA147478C22113F42 /* Pods-Task_8.release.xcconfig */ = {isa = PBXFileReference; includeInIndex = 1; lastKnownFileType = text.xcconfig; name = "Pods-Task_8.release.xcconfig"; path = "Pods/Target Support Files/Pods-Task_8/Pods-Task_8.release.xcconfig"; sourceTree = "<group>"; };
/* End PBXFileReference section */

/* Begin PBXFrameworksBuildPhase section */
		216068BA1E23818600E01199 /* Frameworks */ = {
			isa = PBXFrameworksBuildPhase;
			buildActionMask = 2147483647;
			files = (
				488DDBC738534E1D96EED92E /* Pods_Task_8.framework in Frameworks */,
			);
			runOnlyForDeploymentPostprocessing = 0;
		};
/* End PBXFrameworksBuildPhase section */

/* Begin PBXGroup section */
		06396033B371950FDCA1AA27 /* Frameworks */ = {
			isa = PBXGroup;
			children = (
				AD85062BCC67DF541B2AA72A /* Pods_Task_8.framework */,
			);
			name = Frameworks;
			sourceTree = "<group>";
		};
		2135ECAF1E2CEB0500B0A6F1 /* Network */ = {
			isa = PBXGroup;
			children = (
				2135ECB01E2CEB2300B0A6F1 /* API */,
				2135ECB11E2CEB7000B0A6F1 /* DTO */,
			);
			path = Network;
			sourceTree = "<group>";
		};
		2135ECB01E2CEB2300B0A6F1 /* API */ = {
			isa = PBXGroup;
			children = (
				216068D31E2381E500E01199 /* GITHUBAPIController.swift */,
			);
			path = API;
			sourceTree = "<group>";
		};
		2135ECB11E2CEB7000B0A6F1 /* DTO */ = {
			isa = PBXGroup;
			children = (
				216068D51E24B07000E01199 /* GITRepository.swift */,
			);
			path = DTO;
			sourceTree = "<group>";
		};
		2135ECB21E2CEBC700B0A6F1 /* Presentation */ = {
			isa = PBXGroup;
			children = (
				2135ECB31E2CEC1800B0A6F1 /* Main UI */,
				2135ECB41E2CEC5300B0A6F1 /* Repositories UI */,
				216068C41E23818700E01199 /* Main.storyboard */,
			);
			path = Presentation;
			sourceTree = "<group>";
		};
		2135ECB31E2CEC1800B0A6F1 /* Main UI */ = {
			isa = PBXGroup;
			children = (
				216068C21E23818700E01199 /* ViewController.swift */,
			);
			path = "Main UI";
			sourceTree = "<group>";
		};
		2135ECB41E2CEC5300B0A6F1 /* Repositories UI */ = {
			isa = PBXGroup;
			children = (
				216068D71E25147E00E01199 /* RepositoriesViewController.swift */,
				216068D91E25167800E01199 /* RepositoryTableViewCell.swift */,
			);
			path = "Repositories UI";
			sourceTree = "<group>";
		};
		2135ECB51E2E207700B0A6F1 /* Common */ = {
			isa = PBXGroup;
			children = (
				2135ECB81E2E2D7B00B0A6F1 /* ReusableTableCellsExtension.swift */,
				2135ECB61E2E20B100B0A6F1 /* StoryboardExtension.swift */,
			);
			path = Common;
			sourceTree = "<group>";
		};
		2135ECC31E30CD3E00B0A6F1 /* Resources */ = {
			isa = PBXGroup;
			children = (
				2135ECC21E30C98600B0A6F1 /* Localizable.strings */,
			);
			path = Resources;
			sourceTree = "<group>";
		};
		216068B41E23818600E01199 = {
			isa = PBXGroup;
			children = (
				06396033B371950FDCA1AA27 /* Frameworks */,
				271A31A37F34396391F26764 /* Pods */,
				216068BE1E23818600E01199 /* Products */,
				216068BF1E23818600E01199 /* Task_8 */,
			);
			sourceTree = "<group>";
		};
		216068BE1E23818600E01199 /* Products */ = {
			isa = PBXGroup;
			children = (
				216068BD1E23818600E01199 /* Task_8.app */,
			);
			name = Products;
			sourceTree = "<group>";
		};
		216068BF1E23818600E01199 /* Task_8 */ = {
			isa = PBXGroup;
			children = (
				2135ECB51E2E207700B0A6F1 /* Common */,
				2135ECAF1E2CEB0500B0A6F1 /* Network */,
				2135ECB21E2CEBC700B0A6F1 /* Presentation */,
				2135ECC31E30CD3E00B0A6F1 /* Resources */,
				216068C01E23818700E01199 /* AppDelegate.swift */,
				216068C71E23818700E01199 /* Assets.xcassets */,
				216068CC1E23818700E01199 /* Info.plist */,
			);
			path = Task_8;
			sourceTree = "<group>";
		};
		271A31A37F34396391F26764 /* Pods */ = {
			isa = PBXGroup;
			children = (
				931222A9DC7194ACED4AE5B2 /* Pods-Task_8.debug.xcconfig */,
				CFBC6E1EA147478C22113F42 /* Pods-Task_8.release.xcconfig */,
			);
			name = Pods;
			sourceTree = "<group>";
		};
/* End PBXGroup section */

/* Begin PBXNativeTarget section */
		216068BC1E23818600E01199 /* Task_8 */ = {
			isa = PBXNativeTarget;
			buildConfigurationList = 216068CF1E23818700E01199 /* Build configuration list for PBXNativeTarget "Task_8" */;
			buildPhases = (
				A1B98461EE96C8432EFEBE39 /* [CP] Check Pods Manifest.lock */,
				216068B91E23818600E01199 /* Sources */,
				216068BA1E23818600E01199 /* Frameworks */,
				216068BB1E23818600E01199 /* Resources */,
				A2DAA1EBED91F079FCAD6D3A /* [CP] Embed Pods Frameworks */,
				4D30620DA5459F4289BD45CA /* [CP] Copy Pods Resources */,
			);
			buildRules = (
			);
			dependencies = (
			);
			name = Task_8;
			productName = Task_8;
			productReference = 216068BD1E23818600E01199 /* Task_8.app */;
			productType = "com.apple.product-type.application";
		};
/* End PBXNativeTarget section */

/* Begin PBXProject section */
		216068B51E23818600E01199 /* Project object */ = {
			isa = PBXProject;
			attributes = {
				LastSwiftUpdateCheck = 0800;
				LastUpgradeCheck = 0800;
				ORGANIZATIONNAME = "Kirill Asyamolov";
				TargetAttributes = {
					216068BC1E23818600E01199 = {
						CreatedOnToolsVersion = 8.0;
						DevelopmentTeam = HVE639V94N;
						ProvisioningStyle = Automatic;
					};
				};
			};
			buildConfigurationList = 216068B81E23818600E01199 /* Build configuration list for PBXProject "Task_8" */;
			compatibilityVersion = "Xcode 3.2";
			developmentRegion = English;
			hasScannedForEncodings = 0;
			knownRegions = (
				en,
				Base,
			);
			mainGroup = 216068B41E23818600E01199;
			productRefGroup = 216068BE1E23818600E01199 /* Products */;
			projectDirPath = "";
			projectRoot = "";
			targets = (
				216068BC1E23818600E01199 /* Task_8 */,
			);
		};
/* End PBXProject section */

/* Begin PBXResourcesBuildPhase section */
		216068BB1E23818600E01199 /* Resources */ = {
			isa = PBXResourcesBuildPhase;
			buildActionMask = 2147483647;
			files = (
				216068C81E23818700E01199 /* Assets.xcassets in Resources */,
				2135ECC01E30C98600B0A6F1 /* Localizable.strings in Resources */,
				216068C61E23818700E01199 /* Main.storyboard in Resources */,
			);
			runOnlyForDeploymentPostprocessing = 0;
		};
/* End PBXResourcesBuildPhase section */

/* Begin PBXShellScriptBuildPhase section */
		4D30620DA5459F4289BD45CA /* [CP] Copy Pods Resources */ = {
			isa = PBXShellScriptBuildPhase;
			buildActionMask = 2147483647;
			files = (
			);
			inputPaths = (
			);
			name = "[CP] Copy Pods Resources";
			outputPaths = (
			);
			runOnlyForDeploymentPostprocessing = 0;
			shellPath = /bin/sh;
			shellScript = "\"${SRCROOT}/Pods/Target Support Files/Pods-Task_8/Pods-Task_8-resources.sh\"\n";
			showEnvVarsInLog = 0;
		};
		A1B98461EE96C8432EFEBE39 /* [CP] Check Pods Manifest.lock */ = {
			isa = PBXShellScriptBuildPhase;
			buildActionMask = 2147483647;
			files = (
			);
			inputPaths = (
			);
			name = "[CP] Check Pods Manifest.lock";
			outputPaths = (
			);
			runOnlyForDeploymentPostprocessing = 0;
			shellPath = /bin/sh;
			shellScript = "diff \"${PODS_ROOT}/../Podfile.lock\" \"${PODS_ROOT}/Manifest.lock\" > /dev/null\nif [ $? != 0 ] ; then\n    # print error to STDERR\n    echo \"error: The sandbox is not in sync with the Podfile.lock. Run 'pod install' or update your CocoaPods installation.\" >&2\n    exit 1\nfi\n";
			showEnvVarsInLog = 0;
		};
		A2DAA1EBED91F079FCAD6D3A /* [CP] Embed Pods Frameworks */ = {
			isa = PBXShellScriptBuildPhase;
			buildActionMask = 2147483647;
			files = (
			);
			inputPaths = (
			);
			name = "[CP] Embed Pods Frameworks";
			outputPaths = (
			);
			runOnlyForDeploymentPostprocessing = 0;
			shellPath = /bin/sh;
			shellScript = "\"${SRCROOT}/Pods/Target Support Files/Pods-Task_8/Pods-Task_8-frameworks.sh\"\n";
			showEnvVarsInLog = 0;
		};
/* End PBXShellScriptBuildPhase section */

/* Begin PBXSourcesBuildPhase section */
		216068B91E23818600E01199 /* Sources */ = {
			isa = PBXSourcesBuildPhase;
			buildActionMask = 2147483647;
			files = (
				216068D41E2381E500E01199 /* GITHUBAPIController.swift in Sources */,
				216068D81E25147E00E01199 /* RepositoriesViewController.swift in Sources */,
				216068C31E23818700E01199 /* ViewController.swift in Sources */,
				2135ECB71E2E20B100B0A6F1 /* StoryboardExtension.swift in Sources */,
				216068DA1E25167800E01199 /* RepositoryTableViewCell.swift in Sources */,
				216068D61E24B07000E01199 /* GITRepository.swift in Sources */,
				2135ECB91E2E2D7B00B0A6F1 /* ReusableTableCellsExtension.swift in Sources */,
				216068C11E23818700E01199 /* AppDelegate.swift in Sources */,
			);
			runOnlyForDeploymentPostprocessing = 0;
		};
/* End PBXSourcesBuildPhase section */

/* Begin PBXVariantGroup section */
		2135ECC21E30C98600B0A6F1 /* Localizable.strings */ = {
			isa = PBXVariantGroup;
			children = (
				2135ECC11E30C98600B0A6F1 /* en */,
			);
			name = Localizable.strings;
			path = .;
			sourceTree = "<group>";
		};
		216068C41E23818700E01199 /* Main.storyboard */ = {
			isa = PBXVariantGroup;
			children = (
				216068C51E23818700E01199 /* Base */,
				2135ECC61E30E5EF00B0A6F1 /* en */,
			);
			name = Main.storyboard;
			path = .;
			sourceTree = "<group>";
		};
/* End PBXVariantGroup section */

/* Begin XCBuildConfiguration section */
		216068CD1E23818700E01199 /* Debug */ = {
			isa = XCBuildConfiguration;
			buildSettings = {
				ALWAYS_SEARCH_USER_PATHS = NO;
				CLANG_ANALYZER_NONNULL = YES;
				CLANG_CXX_LANGUAGE_STANDARD = "gnu++0x";
				CLANG_CXX_LIBRARY = "libc++";
				CLANG_ENABLE_MODULES = YES;
				CLANG_ENABLE_OBJC_ARC = YES;
				CLANG_WARN_BOOL_CONVERSION = YES;
				CLANG_WARN_CONSTANT_CONVERSION = YES;
				CLANG_WARN_DIRECT_OBJC_ISA_USAGE = YES_ERROR;
				CLANG_WARN_DOCUMENTATION_COMMENTS = YES;
				CLANG_WARN_EMPTY_BODY = YES;
				CLANG_WARN_ENUM_CONVERSION = YES;
				CLANG_WARN_INFINITE_RECURSION = YES;
				CLANG_WARN_INT_CONVERSION = YES;
				CLANG_WARN_OBJC_ROOT_CLASS = YES_ERROR;
				CLANG_WARN_SUSPICIOUS_MOVES = YES;
				CLANG_WARN_UNREACHABLE_CODE = YES;
				CLANG_WARN__DUPLICATE_METHOD_MATCH = YES;
				"CODE_SIGN_IDENTITY[sdk=iphoneos*]" = "iPhone Developer";
				COPY_PHASE_STRIP = NO;
				DEBUG_INFORMATION_FORMAT = dwarf;
				ENABLE_STRICT_OBJC_MSGSEND = YES;
				ENABLE_TESTABILITY = YES;
				GCC_C_LANGUAGE_STANDARD = gnu99;
				GCC_DYNAMIC_NO_PIC = NO;
				GCC_NO_COMMON_BLOCKS = YES;
				GCC_OPTIMIZATION_LEVEL = 0;
				GCC_PREPROCESSOR_DEFINITIONS = (
					"DEBUG=1",
					"$(inherited)",
				);
				GCC_WARN_64_TO_32_BIT_CONVERSION = YES;
				GCC_WARN_ABOUT_RETURN_TYPE = YES_ERROR;
				GCC_WARN_UNDECLARED_SELECTOR = YES;
				GCC_WARN_UNINITIALIZED_AUTOS = YES_AGGRESSIVE;
				GCC_WARN_UNUSED_FUNCTION = YES;
				GCC_WARN_UNUSED_VARIABLE = YES;
				IPHONEOS_DEPLOYMENT_TARGET = 10.0;
				MTL_ENABLE_DEBUG_INFO = YES;
				ONLY_ACTIVE_ARCH = YES;
				SDKROOT = iphoneos;
				SWIFT_ACTIVE_COMPILATION_CONDITIONS = DEBUG;
				SWIFT_OPTIMIZATION_LEVEL = "-Onone";
				TARGETED_DEVICE_FAMILY = "1,2";
			};
			name = Debug;
		};
		216068CE1E23818700E01199 /* Release */ = {
			isa = XCBuildConfiguration;
			buildSettings = {
				ALWAYS_SEARCH_USER_PATHS = NO;
				CLANG_ANALYZER_NONNULL = YES;
				CLANG_CXX_LANGUAGE_STANDARD = "gnu++0x";
				CLANG_CXX_LIBRARY = "libc++";
				CLANG_ENABLE_MODULES = YES;
				CLANG_ENABLE_OBJC_ARC = YES;
				CLANG_WARN_BOOL_CONVERSION = YES;
				CLANG_WARN_CONSTANT_CONVERSION = YES;
				CLANG_WARN_DIRECT_OBJC_ISA_USAGE = YES_ERROR;
				CLANG_WARN_DOCUMENTATION_COMMENTS = YES;
				CLANG_WARN_EMPTY_BODY = YES;
				CLANG_WARN_ENUM_CONVERSION = YES;
				CLANG_WARN_INFINITE_RECURSION = YES;
				CLANG_WARN_INT_CONVERSION = YES;
				CLANG_WARN_OBJC_ROOT_CLASS = YES_ERROR;
				CLANG_WARN_SUSPICIOUS_MOVES = YES;
				CLANG_WARN_UNREACHABLE_CODE = YES;
				CLANG_WARN__DUPLICATE_METHOD_MATCH = YES;
				"CODE_SIGN_IDENTITY[sdk=iphoneos*]" = "iPhone Developer";
				COPY_PHASE_STRIP = NO;
				DEBUG_INFORMATION_FORMAT = "dwarf-with-dsym";
				ENABLE_NS_ASSERTIONS = NO;
				ENABLE_STRICT_OBJC_MSGSEND = YES;
				GCC_C_LANGUAGE_STANDARD = gnu99;
				GCC_NO_COMMON_BLOCKS = YES;
				GCC_WARN_64_TO_32_BIT_CONVERSION = YES;
				GCC_WARN_ABOUT_RETURN_TYPE = YES_ERROR;
				GCC_WARN_UNDECLARED_SELECTOR = YES;
				GCC_WARN_UNINITIALIZED_AUTOS = YES_AGGRESSIVE;
				GCC_WARN_UNUSED_FUNCTION = YES;
				GCC_WARN_UNUSED_VARIABLE = YES;
				IPHONEOS_DEPLOYMENT_TARGET = 10.0;
				MTL_ENABLE_DEBUG_INFO = NO;
				SDKROOT = iphoneos;
				SWIFT_OPTIMIZATION_LEVEL = "-Owholemodule";
				TARGETED_DEVICE_FAMILY = "1,2";
				VALIDATE_PRODUCT = YES;
			};
			name = Release;
		};
		216068D01E23818700E01199 /* Debug */ = {
			isa = XCBuildConfiguration;
			baseConfigurationReference = 931222A9DC7194ACED4AE5B2 /* Pods-Task_8.debug.xcconfig */;
			buildSettings = {
				ASSETCATALOG_COMPILER_APPICON_NAME = AppIcon;
				DEVELOPMENT_TEAM = HVE639V94N;
				INFOPLIST_FILE = Task_8/Info.plist;
				IPHONEOS_DEPLOYMENT_TARGET = 8.0;
				LD_RUNPATH_SEARCH_PATHS = "$(inherited) @executable_path/Frameworks";
				PRODUCT_BUNDLE_IDENTIFIER = "com.noveogroup.Task-8";
				PRODUCT_NAME = "$(TARGET_NAME)";
				SWIFT_VERSION = 3.0;
			};
			name = Debug;
		};
		216068D11E23818700E01199 /* Release */ = {
			isa = XCBuildConfiguration;
			baseConfigurationReference = CFBC6E1EA147478C22113F42 /* Pods-Task_8.release.xcconfig */;
			buildSettings = {
				ASSETCATALOG_COMPILER_APPICON_NAME = AppIcon;
				DEVELOPMENT_TEAM = HVE639V94N;
				INFOPLIST_FILE = Task_8/Info.plist;
				IPHONEOS_DEPLOYMENT_TARGET = 8.0;
				LD_RUNPATH_SEARCH_PATHS = "$(inherited) @executable_path/Frameworks";
				PRODUCT_BUNDLE_IDENTIFIER = "com.noveogroup.Task-8";
				PRODUCT_NAME = "$(TARGET_NAME)";
				SWIFT_VERSION = 3.0;
			};
			name = Release;
		};
/* End XCBuildConfiguration section */

/* Begin XCConfigurationList section */
		216068B81E23818600E01199 /* Build configuration list for PBXProject "Task_8" */ = {
			isa = XCConfigurationList;
			buildConfigurations = (
				216068CD1E23818700E01199 /* Debug */,
				216068CE1E23818700E01199 /* Release */,
			);
			defaultConfigurationIsVisible = 0;
			defaultConfigurationName = Release;
		};
		216068CF1E23818700E01199 /* Build configuration list for PBXNativeTarget "Task_8" */ = {
			isa = XCConfigurationList;
			buildConfigurations = (
				216068D01E23818700E01199 /* Debug */,
				216068D11E23818700E01199 /* Release */,
			);
			defaultConfigurationIsVisible = 0;
			defaultConfigurationName = Release;
		};
/* End XCConfigurationList section */
	};
	rootObject = 216068B51E23818600E01199 /* Project object */;
}
